
Microsoft Visual Studio Solution File, Format Version 12.00
Project("{FAE04EC0-301F-11D3-BF4B-00C04F79EFBC}") = "BankKata.Tests", "BankKata.Tests\BankKata.Tests.csproj", "{68D38D57-1A30-48EE-BB20-A23765BE0F20}"
EndProject
Project("{FAE04EC0-301F-11D3-BF4B-00C04F79EFBC}") = "BankKata", "BankKata\BankKata.csproj", "{3DF22C4E-7CA3-40BD-8EDA-9BAA19106573}"
EndProject
Project("{FAE04EC0-301F-11D3-BF4B-00C04F79EFBC}") = "BankKata.App", "BankKata.App\BankKata.App.csproj", "{2BED5B89-D7CC-476C-BDCB-3DC8530B92F9}"
EndProject
Project("{FAE04EC0-301F-11D3-BF4B-00C04F79EFBC}") = "BankKata.Sql.Migrate", "BankKata.Sql.Migrate\BankKata.Sql.Migrate.csproj", "{C62B8316-5722-4231-990D-F22CB2F410A3}"
EndProject
Project("{FAE04EC0-301F-11D3-BF4B-00C04F79EFBC}") = "BankKata.Sql.Persistence.Tests", "BankKata.Sql.Persistence.Tests\BankKata.Sql.Persistence.Tests.csproj", "{62D6E3D9-EBC9-4174-8907-82AC68E4B0F0}"
EndProject
Global
	GlobalSection(SolutionConfigurationPlatforms) = preSolution
		Debug|Any CPU = Debug|Any CPU
		Release|Any CPU = Release|Any CPU
	EndGlobalSection
	GlobalSection(ProjectConfigurationPlatforms) = postSolution
		{68D38D57-1A30-48EE-BB20-A23765BE0F20}.Debug|Any CPU.ActiveCfg = Debug|Any CPU
		{68D38D57-1A30-48EE-BB20-A23765BE0F20}.Debug|Any CPU.Build.0 = Debug|Any CPU
		{68D38D57-1A30-48EE-BB20-A23765BE0F20}.Release|Any CPU.ActiveCfg = Release|Any CPU
		{68D38D57-1A30-48EE-BB20-A23765BE0F20}.Release|Any CPU.Build.0 = Release|Any CPU
		{3DF22C4E-7CA3-40BD-8EDA-9BAA19106573}.Debug|Any CPU.ActiveCfg = Debug|Any CPU
		{3DF22C4E-7CA3-40BD-8EDA-9BAA19106573}.Debug|Any CPU.Build.0 = Debug|Any CPU
		{3DF22C4E-7CA3-40BD-8EDA-9BAA19106573}.Release|Any CPU.ActiveCfg = Release|Any CPU
		{3DF22C4E-7CA3-40BD-8EDA-9BAA19106573}.Release|Any CPU.Build.0 = Release|Any CPU
		{2BED5B89-D7CC-476C-BDCB-3DC8530B92F9}.Debug|Any CPU.ActiveCfg = Debug|Any CPU
		{2BED5B89-D7CC-476C-BDCB-3DC8530B92F9}.Debug|Any CPU.Build.0 = Debug|Any CPU
		{2BED5B89-D7CC-476C-BDCB-3DC8530B92F9}.Release|Any CPU.ActiveCfg = Release|Any CPU
		{2BED5B89-D7CC-476C-BDCB-3DC8530B92F9}.Release|Any CPU.Build.0 = Release|Any CPU
		{C62B8316-5722-4231-990D-F22CB2F410A3}.Debug|Any CPU.ActiveCfg = Debug|Any CPU
		{C62B8316-5722-4231-990D-F22CB2F410A3}.Debug|Any CPU.Build.0 = Debug|Any CPU
		{C62B8316-5722-4231-990D-F22CB2F410A3}.Release|Any CPU.ActiveCfg = Release|Any CPU
		{C62B8316-5722-4231-990D-F22CB2F410A3}.Release|Any CPU.Build.0 = Release|Any CPU
		{62D6E3D9-EBC9-4174-8907-82AC68E4B0F0}.Debug|Any CPU.ActiveCfg = Debug|Any CPU
		{62D6E3D9-EBC9-4174-8907-82AC68E4B0F0}.Debug|Any CPU.Build.0 = Debug|Any CPU
		{62D6E3D9-EBC9-4174-8907-82AC68E4B0F0}.Release|Any CPU.ActiveCfg = Release|Any CPU
		{62D6E3D9-EBC9-4174-8907-82AC68E4B0F0}.Release|Any CPU.Build.0 = Release|Any CPU
	EndGlobalSection
EndGlobal
